
Microsoft Visual Studio Solution File, Format Version 12.00
# Visual Studio Version 17
VisualStudioVersion = 17.8.34309.116
MinimumVisualStudioVersion = 10.0.40219.1
Project("{9A19103F-16F7-4668-BE54-9A1E7A4F7556}") = "TradingSolutions", "TradingSolutions.csproj", "{FA8B09BE-F0F5-4506-9C61-A65CC1E3CF09}"
EndProject
Project("{9A19103F-16F7-4668-BE54-9A1E7A4F7556}") = "Trading.Test", "..\Trading.Test\Trading.Test.csproj", "{493F4520-4001-4703-AEB1-C1E712905BFE}"
EndProject
Global
	GlobalSection(SolutionConfigurationPlatforms) = preSolution
		Debug|Any CPU = Debug|Any CPU
		Release|Any CPU = Release|Any CPU
	EndGlobalSection
	GlobalSection(ProjectConfigurationPlatforms) = postSolution
		{FA8B09BE-F0F5-4506-9C61-A65CC1E3CF09}.Debug|Any CPU.ActiveCfg = Debug|Any CPU
		{FA8B09BE-F0F5-4506-9C61-A65CC1E3CF09}.Debug|Any CPU.Build.0 = Debug|Any CPU
		{FA8B09BE-F0F5-4506-9C61-A65CC1E3CF09}.Release|Any CPU.ActiveCfg = Release|Any CPU
		{FA8B09BE-F0F5-4506-9C61-A65CC1E3CF09}.Release|Any CPU.Build.0 = Release|Any CPU
		{493F4520-4001-4703-AEB1-C1E712905BFE}.Debug|Any CPU.ActiveCfg = Debug|Any CPU
		{493F4520-4001-4703-AEB1-C1E712905BFE}.Debug|Any CPU.Build.0 = Debug|Any CPU
		{493F4520-4001-4703-AEB1-C1E712905BFE}.Release|Any CPU.ActiveCfg = Release|Any CPU
		{493F4520-4001-4703-AEB1-C1E712905BFE}.Release|Any CPU.Build.0 = Release|Any CPU
	EndGlobalSection
	GlobalSection(SolutionProperties) = preSolution
		HideSolutionNode = FALSE
	EndGlobalSection
	GlobalSection(ExtensibilityGlobals) = postSolution
		SolutionGuid = {27418B20-4C4C-48CB-947C-F27EC0FFE42F}
	EndGlobalSection
EndGlobal
